
Microsoft Visual Studio Solution File, Format Version 12.00
# Visual Studio 15
VisualStudioVersion = 15.0.27703.2042
MinimumVisualStudioVersion = 10.0.40219.1
Project("{FAE04EC0-301F-11D3-BF4B-00C04F79EFBC}") = "ServerlessImageManagement", "ServerlessImageManagement\ServerlessImageManagement.csproj", "{8B9D9B05-1CA8-4B67-B4C4-6F969436DA22}"
EndProject
Project("{FAE04EC0-301F-11D3-BF4B-00C04F79EFBC}") = "ServerlessFaceAggregator", "ServerlessFaceAggregator\ServerlessFaceAggregator.csproj", "{A9792B53-F74F-4631-B52A-7C43E0620A99}"
EndProject
Global
	GlobalSection(SolutionConfigurationPlatforms) = preSolution
		Debug|Any CPU = Debug|Any CPU
		Release|Any CPU = Release|Any CPU
	EndGlobalSection
	GlobalSection(ProjectConfigurationPlatforms) = postSolution
		{8B9D9B05-1CA8-4B67-B4C4-6F969436DA22}.Debug|Any CPU.ActiveCfg = Debug|Any CPU
		{8B9D9B05-1CA8-4B67-B4C4-6F969436DA22}.Debug|Any CPU.Build.0 = Debug|Any CPU
		{8B9D9B05-1CA8-4B67-B4C4-6F969436DA22}.Release|Any CPU.ActiveCfg = Release|Any CPU
		{8B9D9B05-1CA8-4B67-B4C4-6F969436DA22}.Release|Any CPU.Build.0 = Release|Any CPU
		{A9792B53-F74F-4631-B52A-7C43E0620A99}.Debug|Any CPU.ActiveCfg = Debug|Any CPU
		{A9792B53-F74F-4631-B52A-7C43E0620A99}.Debug|Any CPU.Build.0 = Debug|Any CPU
		{A9792B53-F74F-4631-B52A-7C43E0620A99}.Release|Any CPU.ActiveCfg = Release|Any CPU
		{A9792B53-F74F-4631-B52A-7C43E0620A99}.Release|Any CPU.Build.0 = Release|Any CPU
	EndGlobalSection
	GlobalSection(SolutionProperties) = preSolution
		HideSolutionNode = FALSE
	EndGlobalSection
	GlobalSection(ExtensibilityGlobals) = postSolution
		SolutionGuid = {B880A208-836D-49E5-BA74-BB3D8B20B22D}
	EndGlobalSection
EndGlobal
